<?xml version="1.0" encoding="utf-8"?>
<Project ToolsVersion="4.0" xmlns="http://schemas.microsoft.com/developer/msbuild/2003">
  <ItemGroup>
    <Filter Include="ソース ファイル">
      <UniqueIdentifier>{4FC737F1-C7A5-4376-A066-2A32D752A2FF}</UniqueIdentifier>
      <Extensions>cpp;c;cc;cxx;def;odl;idl;hpj;bat;asm;asmx</Extensions>
    </Filter>
    <Filter Include="ヘッダー ファイル">
      <UniqueIdentifier>{93995380-89BD-4b04-88EB-625FBE52EBFB}</UniqueIdentifier>
      <Extensions>h;hh;hpp;hxx;hm;inl;inc;xsd</Extensions>
    </Filter>
    <Filter Include="リソース ファイル">
      <UniqueIdentifier>{67DA6AB6-F800-4c08-8B7A-83BB121AAD01}</UniqueIdentifier>
      <Extensions>rc;ico;cur;bmp;dlg;rc2;rct;bin;rgs;gif;jpg;jpeg;jpe;resx;tiff;tif;png;wav;mfcribbon-ms</Extensions>
    </Filter>
    <Filter Include="ヘッダー ファイル\KF_Utility">
      <UniqueIdentifier>{f54e67db-2928-4e7c-84e3-af7ed0f61f83}</UniqueIdentifier>
    </Filter>
    <Filter Include="ソース ファイル\KF_Utility">
      <UniqueIdentifier>{05fccfed-a36c-486b-ad47-f486f528dab1}</UniqueIdentifier>
    </Filter>
    <Filter Include="ヘッダー ファイル\Base">
      <UniqueIdentifier>{371bb56d-2b93-4600-941a-6e9be8bf1ff8}</UniqueIdentifier>
    </Filter>
    <Filter Include="ソース ファイル\Base">
      <UniqueIdentifier>{cf4c7665-b793-4e59-a24f-e354e36825a0}</UniqueIdentifier>
    </Filter>
    <Filter Include="ヘッダー ファイル\GameObject">
      <UniqueIdentifier>{1df26afa-4176-4d87-9896-bfcae145a580}</UniqueIdentifier>
    </Filter>
    <Filter Include="ソース ファイル\GameObject">
      <UniqueIdentifier>{957a95d0-05f9-45f5-b69d-325d70971e51}</UniqueIdentifier>
    </Filter>
    <Filter Include="ソース ファイル\Mode">
      <UniqueIdentifier>{1bbe178e-2e2b-490f-8a2b-b7de77718b14}</UniqueIdentifier>
    </Filter>
    <Filter Include="ヘッダー ファイル\Mode">
      <UniqueIdentifier>{1cfef04b-6b22-4cc5-bb53-1947b9c22e4c}</UniqueIdentifier>
    </Filter>
    <Filter Include="ヘッダー ファイル\Base\Manager">
      <UniqueIdentifier>{cdbbfe2e-e186-4cde-909d-65f75121e5db}</UniqueIdentifier>
    </Filter>
    <Filter Include="ソース ファイル\Base\Manager">
      <UniqueIdentifier>{a72cad8e-b70a-4729-a70a-78d50f9dbc5f}</UniqueIdentifier>
    </Filter>
    <Filter Include="ヘッダー ファイル\Model">
      <UniqueIdentifier>{ffcf0544-df98-4484-a345-19a99e9d071c}</UniqueIdentifier>
    </Filter>
    <Filter Include="ソース ファイル\Model">
      <UniqueIdentifier>{ad0e8577-7c31-4a40-9db8-3700936a726c}</UniqueIdentifier>
    </Filter>
    <Filter Include="ヘッダー ファイル\Component">
      <UniqueIdentifier>{a70a77b0-02ec-4196-8bd7-93426085f543}</UniqueIdentifier>
    </Filter>
    <Filter Include="ヘッダー ファイル\Component\Input">
      <UniqueIdentifier>{010c689e-36e5-45ce-bb20-b1dd88a17d81}</UniqueIdentifier>
    </Filter>
    <Filter Include="ヘッダー ファイル\Component\Draw">
      <UniqueIdentifier>{22fa5a67-1fc7-4590-971a-57214f56695a}</UniqueIdentifier>
    </Filter>
    <Filter Include="ヘッダー ファイル\Component\Physics">
      <UniqueIdentifier>{4dfeab76-87b5-4f7f-9bdb-4dcd6105f1c8}</UniqueIdentifier>
    </Filter>
    <Filter Include="ヘッダー ファイル\Base\Renderer">
      <UniqueIdentifier>{b01196d9-4846-4b72-bc2d-4b35137506ec}</UniqueIdentifier>
    </Filter>
    <Filter Include="ヘッダー ファイル\Component\Mesh">
      <UniqueIdentifier>{1de6bf1c-e0b1-4d43-a5f7-4daca6978706}</UniqueIdentifier>
    </Filter>
    <Filter Include="ソース ファイル\Component">
      <UniqueIdentifier>{db3c6369-d237-4a86-b146-db91a518b1b6}</UniqueIdentifier>
    </Filter>
    <Filter Include="ソース ファイル\Component\Mesh">
      <UniqueIdentifier>{bda8fd06-b5f6-4d17-9e81-62ead9c4f049}</UniqueIdentifier>
    </Filter>
    <Filter Include="ソース ファイル\Component\Draw">
      <UniqueIdentifier>{3f649fe6-2e9f-4e33-b9e5-a582923d636b}</UniqueIdentifier>
    </Filter>
    <Filter Include="ソース ファイル\Base\Renderer">
      <UniqueIdentifier>{ef891bc6-bd3e-4c3c-a11d-55c3993fb564}</UniqueIdentifier>
    </Filter>
    <Filter Include="ヘッダー ファイル\Component\Mesh\3D">
      <UniqueIdentifier>{15d63201-9ae4-46d7-8ea7-c34e3b10c14e}</UniqueIdentifier>
    </Filter>
    <Filter Include="ソース ファイル\Component\Mesh\3D">
      <UniqueIdentifier>{810aeb35-7774-4f4a-96a7-490e7b3cfd65}</UniqueIdentifier>
    </Filter>
    <Filter Include="ソース ファイル\Component\Input">
      <UniqueIdentifier>{dab21625-d229-4fe3-a011-f7f79b6740b0}</UniqueIdentifier>
    </Filter>
    <Filter Include="ソース ファイル\Component\Physics">
      <UniqueIdentifier>{d3ea09ce-3f98-4992-9105-f0f26534a371}</UniqueIdentifier>
    </Filter>
    <Filter Include="ヘッダー ファイル\Component\Collider">
      <UniqueIdentifier>{ea32dd07-68f8-4c62-af8b-4eb1bf160764}</UniqueIdentifier>
    </Filter>
    <Filter Include="ソース ファイル\Component\Collider">
      <UniqueIdentifier>{e578c92c-cbc4-473d-ad6b-c39718114fdb}</UniqueIdentifier>
    </Filter>
  </ItemGroup>
  <ItemGroup>
    <ClCompile Include="KF_Math.cpp">
      <Filter>ソース ファイル\KF_Utility</Filter>
    </ClCompile>
    <ClCompile Include="main.cpp">
      <Filter>ソース ファイル\Base</Filter>
    </ClCompile>
    <ClCompile Include="gameObject.cpp">
      <Filter>ソース ファイル\GameObject</Filter>
    </ClCompile>
    <ClCompile Include="camera.cpp">
      <Filter>ソース ファイル\Base</Filter>
    </ClCompile>
    <ClCompile Include="modeDemo.cpp">
      <Filter>ソース ファイル\Mode</Filter>
    </ClCompile>
    <ClCompile Include="mode.cpp">
      <Filter>ソース ファイル\Mode</Filter>
    </ClCompile>
    <ClCompile Include="inputDX.cpp">
      <Filter>ソース ファイル\Base</Filter>
    </ClCompile>
    <ClCompile Include="textureManager.cpp">
      <Filter>ソース ファイル\Base\Manager</Filter>
    </ClCompile>
    <ClCompile Include="lightManager.cpp">
      <Filter>ソース ファイル\Base\Manager</Filter>
    </ClCompile>
    <ClCompile Include="manager.cpp">
      <Filter>ソース ファイル\Base\Manager</Filter>
    </ClCompile>
    <ClCompile Include="KF_UtilityDX.cpp">
      <Filter>ソース ファイル\KF_Utility</Filter>
    </ClCompile>
    <ClCompile Include="materialManager.cpp">
      <Filter>ソース ファイル\Base\Manager</Filter>
    </ClCompile>
    <ClCompile Include="modelManager.cpp">
      <Filter>ソース ファイル\Base\Manager</Filter>
    </ClCompile>
    <ClCompile Include="modelX.cpp">
      <Filter>ソース ファイル\Model</Filter>
    </ClCompile>
    <ClCompile Include="gameObjectManager.cpp">
      <Filter>ソース ファイル\Base\Manager</Filter>
    </ClCompile>
    <ClCompile Include="model.cpp">
      <Filter>ソース ファイル\Model</Filter>
    </ClCompile>
    <ClCompile Include="modelActorX.cpp">
      <Filter>ソース ファイル\Model</Filter>
    </ClCompile>
    <ClCompile Include="2DMeshComponent.cpp">
      <Filter>ソース ファイル\Component\Mesh</Filter>
    </ClCompile>
    <ClCompile Include="2DDrawComponent.cpp">
      <Filter>ソース ファイル\Component\Draw</Filter>
    </ClCompile>
    <ClCompile Include="3DMeshDrawComponent.cpp">
      <Filter>ソース ファイル\Component\Draw</Filter>
    </ClCompile>
    <ClCompile Include="rendererDX.cpp">
      <Filter>ソース ファイル\Base\Renderer</Filter>
    </ClCompile>
    <ClCompile Include="renderState.cpp">
      <Filter>ソース ファイル\Base\Renderer</Filter>
    </ClCompile>
    <ClCompile Include="3DMeshComponent.cpp">
      <Filter>ソース ファイル\Component\Mesh\3D</Filter>
    </ClCompile>
    <ClCompile Include="skyBoxMeshComponent.cpp">
      <Filter>ソース ファイル\Component\Mesh\3D</Filter>
    </ClCompile>
    <ClCompile Include="fieldMeshComponent.cpp">
      <Filter>ソース ファイル\Component\Mesh\3D</Filter>
    </ClCompile>
    <ClCompile Include="cubeMeshComponent.cpp">
      <Filter>ソース ファイル\Component\Mesh\3D</Filter>
    </ClCompile>
    <ClCompile Include="gameObject2D.cpp">
      <Filter>ソース ファイル\GameObject</Filter>
    </ClCompile>
    <ClCompile Include="gameObject3D.cpp">
      <Filter>ソース ファイル\GameObject</Filter>
    </ClCompile>
    <ClCompile Include="actorMeshComponent.cpp">
      <Filter>ソース ファイル\Component\Mesh\3D</Filter>
    </ClCompile>
    <ClCompile Include="modelMeshDrawComponent.cpp">
      <Filter>ソース ファイル\Component\Draw</Filter>
    </ClCompile>
    <ClCompile Include="actorMeshDrawComponent.cpp">
      <Filter>ソース ファイル\Component\Draw</Filter>
    </ClCompile>
    <ClCompile Include="gameObjectActor.cpp">
      <Filter>ソース ファイル\GameObject</Filter>
    </ClCompile>
    <ClCompile Include="drawComponent.cpp">
      <Filter>ソース ファイル\Component\Draw</Filter>
    </ClCompile>
    <ClCompile Include="playerInputComponent.cpp">
      <Filter>ソース ファイル\Component\Input</Filter>
    </ClCompile>
    <ClCompile Include="component.cpp">
      <Filter>ソース ファイル\Component</Filter>
    </ClCompile>
    <ClCompile Include="colliderComponent.cpp">
      <Filter>ソース ファイル\Component\Collider</Filter>
    </ClCompile>
    <ClCompile Include="fieldColliderComponent.cpp">
      <Filter>ソース ファイル\Component\Collider</Filter>
    </ClCompile>
    <ClCompile Include="sphereColliderComponent.cpp">
      <Filter>ソース ファイル\Component\Collider</Filter>
    </ClCompile>
    <ClCompile Include="KF_Collision.cpp">
      <Filter>ソース ファイル\KF_Utility</Filter>
    </ClCompile>
    <ClCompile Include="colliderManager.cpp">
      <Filter>ソース ファイル\Base\Manager</Filter>
    </ClCompile>
    <ClCompile Include="3DRigidbodyComponent.cpp">
      <Filter>ソース ファイル\Component\Physics</Filter>
    </ClCompile>
  </ItemGroup>
  <ItemGroup>
    <ClInclude Include="KF_Math.h">
      <Filter>ヘッダー ファイル\KF_Utility</Filter>
    </ClInclude>
    <ClInclude Include="main.h">
      <Filter>ヘッダー ファイル\Base</Filter>
    </ClInclude>
    <ClInclude Include="gameObject.h">
      <Filter>ヘッダー ファイル\GameObject</Filter>
    </ClInclude>
    <ClInclude Include="camera.h">
      <Filter>ヘッダー ファイル\Base</Filter>
    </ClInclude>
    <ClInclude Include="modeDemo.h">
      <Filter>ヘッダー ファイル\Mode</Filter>
    </ClInclude>
    <ClInclude Include="mode.h">
      <Filter>ヘッダー ファイル\Mode</Filter>
    </ClInclude>
    <ClInclude Include="inputDX.h">
      <Filter>ヘッダー ファイル\Base</Filter>
    </ClInclude>
    <ClInclude Include="KF_UtilityDX.h">
      <Filter>ヘッダー ファイル\KF_Utility</Filter>
    </ClInclude>
    <ClInclude Include="lightManager.h">
      <Filter>ヘッダー ファイル\Base\Manager</Filter>
    </ClInclude>
    <ClInclude Include="manager.h">
      <Filter>ヘッダー ファイル\Base\Manager</Filter>
    </ClInclude>
    <ClInclude Include="textureManager.h">
      <Filter>ヘッダー ファイル\Base\Manager</Filter>
    </ClInclude>
    <ClInclude Include="materialManager.h">
      <Filter>ヘッダー ファイル\Base\Manager</Filter>
    </ClInclude>
    <ClInclude Include="modelManager.h">
      <Filter>ヘッダー ファイル\Base\Manager</Filter>
    </ClInclude>
    <ClInclude Include="modelX.h">
      <Filter>ヘッダー ファイル\Model</Filter>
    </ClInclude>
    <ClInclude Include="model.h">
      <Filter>ヘッダー ファイル\Model</Filter>
    </ClInclude>
    <ClInclude Include="gameObjectManager.h">
      <Filter>ヘッダー ファイル\Base\Manager</Filter>
    </ClInclude>
    <ClInclude Include="modelActorX.h">
      <Filter>ヘッダー ファイル\Model</Filter>
    </ClInclude>
    <ClInclude Include="component.h">
      <Filter>ヘッダー ファイル\Component</Filter>
    </ClInclude>
    <ClInclude Include="inputComponent.h">
      <Filter>ヘッダー ファイル\Component\Input</Filter>
    </ClInclude>
    <ClInclude Include="drawComponent.h">
      <Filter>ヘッダー ファイル\Component\Draw</Filter>
    </ClInclude>
    <ClInclude Include="rendererDX.h">
      <Filter>ヘッダー ファイル\Base\Renderer</Filter>
    </ClInclude>
    <ClInclude Include="meshComponent.h">
      <Filter>ヘッダー ファイル\Component\Mesh</Filter>
    </ClInclude>
    <ClInclude Include="2DMeshComponent.h">
      <Filter>ヘッダー ファイル\Component\Mesh</Filter>
    </ClInclude>
    <ClInclude Include="2DDrawComponent.h">
      <Filter>ヘッダー ファイル\Component\Draw</Filter>
    </ClInclude>
    <ClInclude Include="3DMeshDrawComponent.h">
      <Filter>ヘッダー ファイル\Component\Draw</Filter>
    </ClInclude>
    <ClInclude Include="renderState.h">
      <Filter>ヘッダー ファイル\Base\Renderer</Filter>
    </ClInclude>
    <ClInclude Include="3DMeshComponent.h">
      <Filter>ヘッダー ファイル\Component\Mesh\3D</Filter>
    </ClInclude>
    <ClInclude Include="skyBoxMeshComponent.h">
      <Filter>ヘッダー ファイル\Component\Mesh\3D</Filter>
    </ClInclude>
    <ClInclude Include="fieldMeshComponent.h">
      <Filter>ヘッダー ファイル\Component\Mesh\3D</Filter>
    </ClInclude>
    <ClInclude Include="cubeMeshComponent.h">
      <Filter>ヘッダー ファイル\Component\Mesh\3D</Filter>
    </ClInclude>
    <ClInclude Include="gameObject3D.h">
      <Filter>ヘッダー ファイル\GameObject</Filter>
    </ClInclude>
    <ClInclude Include="gameObject2D.h">
      <Filter>ヘッダー ファイル\GameObject</Filter>
    </ClInclude>
    <ClInclude Include="modelMeshComponent.h">
      <Filter>ヘッダー ファイル\Component\Mesh\3D</Filter>
    </ClInclude>
    <ClInclude Include="actorMeshComponent.h">
      <Filter>ヘッダー ファイル\Component\Mesh\3D</Filter>
    </ClInclude>
    <ClInclude Include="modelMeshDrawComponent.h">
      <Filter>ヘッダー ファイル\Component\Draw</Filter>
    </ClInclude>
    <ClInclude Include="actorMeshDrawComponent.h">
      <Filter>ヘッダー ファイル\Component\Draw</Filter>
    </ClInclude>
    <ClInclude Include="gameObjectActor.h">
      <Filter>ヘッダー ファイル\GameObject</Filter>
    </ClInclude>
    <ClInclude Include="playerInputComponent.h">
      <Filter>ヘッダー ファイル\Component\Input</Filter>
    </ClInclude>
    <ClInclude Include="KF_Collision.h">
      <Filter>ヘッダー ファイル\KF_Utility</Filter>
    </ClInclude>
    <ClInclude Include="colliderComponent.h">
      <Filter>ヘッダー ファイル\Component\Collider</Filter>
    </ClInclude>
    <ClInclude Include="sphereColliderComponent.h">
      <Filter>ヘッダー ファイル\Component\Collider</Filter>
    </ClInclude>
    <ClInclude Include="fieldColliderComponent.h">
      <Filter>ヘッダー ファイル\Component\Collider</Filter>
    </ClInclude>
    <ClInclude Include="colliderManager.h">
      <Filter>ヘッダー ファイル\Base\Manager</Filter>
    </ClInclude>
    <ClInclude Include="3DRigidbodyComponent.h">
      <Filter>ヘッダー ファイル\Component\Physics</Filter>
    </ClInclude>
    <ClInclude Include="rigidbodyComponent.h">
      <Filter>ヘッダー ファイル\Component\Physics</Filter>
    </ClInclude>
  </ItemGroup>
</Project>