<?xml version="1.0" encoding="utf-8"?>
<Project ToolsVersion="4.0" xmlns="http://schemas.microsoft.com/developer/msbuild/2003">
  <ItemGroup>
    <Filter Include="ソース ファイル">
      <UniqueIdentifier>{4FC737F1-C7A5-4376-A066-2A32D752A2FF}</UniqueIdentifier>
      <Extensions>cpp;c;cc;cxx;def;odl;idl;hpj;bat;asm;asmx</Extensions>
    </Filter>
    <Filter Include="ヘッダー ファイル">
      <UniqueIdentifier>{93995380-89BD-4b04-88EB-625FBE52EBFB}</UniqueIdentifier>
      <Extensions>h;hh;hpp;hxx;hm;inl;inc;xsd</Extensions>
    </Filter>
    <Filter Include="リソース ファイル">
      <UniqueIdentifier>{67DA6AB6-F800-4c08-8B7A-83BB121AAD01}</UniqueIdentifier>
      <Extensions>rc;ico;cur;bmp;dlg;rc2;rct;bin;rgs;gif;jpg;jpeg;jpe;resx;tiff;tif;png;wav;mfcribbon-ms</Extensions>
    </Filter>
    <Filter Include="ヘッダー ファイル\KF_Utility">
      <UniqueIdentifier>{f54e67db-2928-4e7c-84e3-af7ed0f61f83}</UniqueIdentifier>
    </Filter>
    <Filter Include="ソース ファイル\KF_Utility">
      <UniqueIdentifier>{05fccfed-a36c-486b-ad47-f486f528dab1}</UniqueIdentifier>
    </Filter>
    <Filter Include="ヘッダー ファイル\Base">
      <UniqueIdentifier>{371bb56d-2b93-4600-941a-6e9be8bf1ff8}</UniqueIdentifier>
    </Filter>
    <Filter Include="ソース ファイル\Base">
      <UniqueIdentifier>{cf4c7665-b793-4e59-a24f-e354e36825a0}</UniqueIdentifier>
    </Filter>
    <Filter Include="ソース ファイル\Mode">
      <UniqueIdentifier>{1bbe178e-2e2b-490f-8a2b-b7de77718b14}</UniqueIdentifier>
    </Filter>
    <Filter Include="ヘッダー ファイル\Base\Manager">
      <UniqueIdentifier>{cdbbfe2e-e186-4cde-909d-65f75121e5db}</UniqueIdentifier>
    </Filter>
    <Filter Include="ソース ファイル\Base\Manager">
      <UniqueIdentifier>{a72cad8e-b70a-4729-a70a-78d50f9dbc5f}</UniqueIdentifier>
    </Filter>
    <Filter Include="ヘッダー ファイル\Component">
      <UniqueIdentifier>{a70a77b0-02ec-4196-8bd7-93426085f543}</UniqueIdentifier>
    </Filter>
    <Filter Include="ヘッダー ファイル\Component\Physics">
      <UniqueIdentifier>{4dfeab76-87b5-4f7f-9bdb-4dcd6105f1c8}</UniqueIdentifier>
    </Filter>
    <Filter Include="ソース ファイル\Component">
      <UniqueIdentifier>{db3c6369-d237-4a86-b146-db91a518b1b6}</UniqueIdentifier>
    </Filter>
    <Filter Include="ソース ファイル\Component\Physics">
      <UniqueIdentifier>{d3ea09ce-3f98-4992-9105-f0f26534a371}</UniqueIdentifier>
    </Filter>
    <Filter Include="ヘッダー ファイル\Component\Collider">
      <UniqueIdentifier>{ea32dd07-68f8-4c62-af8b-4eb1bf160764}</UniqueIdentifier>
    </Filter>
    <Filter Include="ソース ファイル\Component\Collider">
      <UniqueIdentifier>{e578c92c-cbc4-473d-ad6b-c39718114fdb}</UniqueIdentifier>
    </Filter>
    <Filter Include="ヘッダー ファイル\Component\Transform">
      <UniqueIdentifier>{050bec36-49d9-4b74-b5ee-4d35e1238d05}</UniqueIdentifier>
    </Filter>
    <Filter Include="ヘッダー ファイル\Base\Camera">
      <UniqueIdentifier>{f546005a-d83c-4e4c-92bf-fdc1a32fe586}</UniqueIdentifier>
    </Filter>
    <Filter Include="ソース ファイル\Base\Camera">
      <UniqueIdentifier>{98aa7b80-43e9-410b-8b93-021c210129d7}</UniqueIdentifier>
    </Filter>
    <Filter Include="ソース ファイル\Component\Transform">
      <UniqueIdentifier>{7b78cae0-6569-487a-9041-e517daf4519a}</UniqueIdentifier>
    </Filter>
    <Filter Include="ヘッダー ファイル\Component\Behavior">
      <UniqueIdentifier>{6eeec38e-963c-455e-a204-0b7665742d86}</UniqueIdentifier>
    </Filter>
    <Filter Include="ヘッダー ファイル\Component\Animator">
      <UniqueIdentifier>{5f0158e7-dc6d-47a9-9064-3433114e16a0}</UniqueIdentifier>
    </Filter>
    <Filter Include="ヘッダー ファイル\Spawner">
      <UniqueIdentifier>{668b0480-d542-491b-9834-5afd54ca9fb6}</UniqueIdentifier>
    </Filter>
    <Filter Include="ソース ファイル\Component\Animator">
      <UniqueIdentifier>{e303acce-4c1a-4f78-9f63-9fb6ef063d46}</UniqueIdentifier>
    </Filter>
    <Filter Include="ヘッダー ファイル\UI">
      <UniqueIdentifier>{c9948f76-6530-4a87-adf5-1614d1461ed8}</UniqueIdentifier>
    </Filter>
    <Filter Include="ソース ファイル\UI">
      <UniqueIdentifier>{e61b84ce-404a-4320-a362-afe7fb577d74}</UniqueIdentifier>
    </Filter>
    <Filter Include="ヘッダー ファイル\UI\UIObject">
      <UniqueIdentifier>{71144254-1792-4758-82ba-bd69e5597eaa}</UniqueIdentifier>
    </Filter>
    <Filter Include="ソース ファイル\UI\UIObject">
      <UniqueIdentifier>{5bf20966-ea4f-4ca6-82cc-4ecfb0c2e0de}</UniqueIdentifier>
    </Filter>
    <Filter Include="ソース ファイル\Component\Behavior">
      <UniqueIdentifier>{d980ca8c-896c-4789-9255-ed456b26394a}</UniqueIdentifier>
    </Filter>
    <Filter Include="ヘッダー ファイル\Component\Behavior\Editor">
      <UniqueIdentifier>{0d2518bf-4a81-4317-85ed-3c64c62f7522}</UniqueIdentifier>
    </Filter>
    <Filter Include="ヘッダー ファイル\ImGui">
      <UniqueIdentifier>{93f7d4c3-a8e7-476c-848e-4cd79575de54}</UniqueIdentifier>
    </Filter>
    <Filter Include="ソース ファイル\Component\Behavior\Editor">
      <UniqueIdentifier>{06ee83df-d177-4aae-bcba-0f0d5327dbc0}</UniqueIdentifier>
    </Filter>
    <Filter Include="ヘッダー ファイル\Base\Input">
      <UniqueIdentifier>{c686e9e9-2cb4-4634-acaf-007e2ea2169b}</UniqueIdentifier>
    </Filter>
    <Filter Include="ソース ファイル\Base\Input">
      <UniqueIdentifier>{ed1fdc03-55fa-436b-a8b2-86689938f012}</UniqueIdentifier>
    </Filter>
    <Filter Include="ヘッダー ファイル\Base\Physics">
      <UniqueIdentifier>{dc96726a-86c2-44bf-a293-73ea5034bd78}</UniqueIdentifier>
    </Filter>
    <Filter Include="ソース ファイル\Base\Physics">
      <UniqueIdentifier>{ad354fd5-add1-4ac6-b9da-2e1d0c3e4d08}</UniqueIdentifier>
    </Filter>
    <Filter Include="ヘッダー ファイル\Mode">
      <UniqueIdentifier>{1cfef04b-6b22-4cc5-bb53-1947b9c22e4c}</UniqueIdentifier>
    </Filter>
    <Filter Include="ヘッダー ファイル\Base\Motion">
      <UniqueIdentifier>{dea147e3-4109-4939-8ad4-ddf15a8bf6a0}</UniqueIdentifier>
    </Filter>
    <Filter Include="ヘッダー ファイル\Base\Motion\MotionState">
      <UniqueIdentifier>{0de9bcf7-879d-4160-93b3-5eb11895ad03}</UniqueIdentifier>
    </Filter>
    <Filter Include="ヘッダー ファイル\Base\Motion\MotionState\Normal">
      <UniqueIdentifier>{e839a2c1-c343-401c-b8b1-aa6185f4c779}</UniqueIdentifier>
    </Filter>
    <Filter Include="ヘッダー ファイル\Base\Motion\MotionState\Blend">
      <UniqueIdentifier>{95aebe46-32ab-47d5-bfbb-75df21dd050d}</UniqueIdentifier>
    </Filter>
    <Filter Include="ソース ファイル\Base\Motion">
      <UniqueIdentifier>{cb274add-2675-4099-97a6-dc2c9e1bb78c}</UniqueIdentifier>
    </Filter>
    <Filter Include="ヘッダー ファイル\Actor">
      <UniqueIdentifier>{cb2fb40f-e818-4231-85d2-14bd1ae340db}</UniqueIdentifier>
    </Filter>
    <Filter Include="ヘッダー ファイル\Actor\State">
      <UniqueIdentifier>{86c9c7ef-9fea-43ec-8d32-f5d6621b5dd0}</UniqueIdentifier>
    </Filter>
    <Filter Include="ソース ファイル\Actor">
      <UniqueIdentifier>{f7b9e1ea-602e-482b-a7b4-64cc3b34ab40}</UniqueIdentifier>
    </Filter>
    <Filter Include="ソース ファイル\Actor\State">
      <UniqueIdentifier>{b05ec256-cc82-4958-89f2-f3a05ad71e78}</UniqueIdentifier>
    </Filter>
    <Filter Include="ソース ファイル\Actor\AI">
      <UniqueIdentifier>{7d5f36c2-d580-4546-adba-b3c2090fc4e5}</UniqueIdentifier>
    </Filter>
    <Filter Include="ヘッダー ファイル\Actor\AI">
      <UniqueIdentifier>{eeb7216f-8734-4adc-8a3a-2cc234dc187c}</UniqueIdentifier>
    </Filter>
    <Filter Include="ヘッダー ファイル\Component\Behavior\Actor">
      <UniqueIdentifier>{b3f9ec24-664a-4da9-b7b9-08f6d9947ff8}</UniqueIdentifier>
    </Filter>
    <Filter Include="ソース ファイル\Component\Behavior\Actor">
      <UniqueIdentifier>{a586df49-f1c4-4f34-a9d4-ac1a669403bf}</UniqueIdentifier>
    </Filter>
    <Filter Include="ヘッダー ファイル\Base\RenderSystem">
      <UniqueIdentifier>{b01196d9-4846-4b72-bc2d-4b35137506ec}</UniqueIdentifier>
    </Filter>
    <Filter Include="ソース ファイル\Base\RenderSystem">
      <UniqueIdentifier>{ef891bc6-bd3e-4c3c-a11d-55c3993fb564}</UniqueIdentifier>
    </Filter>
    <Filter Include="ヘッダー ファイル\Component\Renderer">
      <UniqueIdentifier>{22fa5a67-1fc7-4590-971a-57214f56695a}</UniqueIdentifier>
    </Filter>
    <Filter Include="ソース ファイル\Component\Renderer">
      <UniqueIdentifier>{3f649fe6-2e9f-4e33-b9e5-a582923d636b}</UniqueIdentifier>
    </Filter>
    <Filter Include="ソース ファイル\Base\ImGui">
      <UniqueIdentifier>{88e67559-49a6-4540-b010-3b1b95d8b6a5}</UniqueIdentifier>
    </Filter>
    <Filter Include="ソース ファイル\Base\GameObject">
      <UniqueIdentifier>{957a95d0-05f9-45f5-b69d-325d70971e51}</UniqueIdentifier>
    </Filter>
    <Filter Include="ヘッダー ファイル\Base\GameObject">
      <UniqueIdentifier>{1df26afa-4176-4d87-9896-bfcae145a580}</UniqueIdentifier>
    </Filter>
    <Filter Include="ヘッダー ファイル\Base\Shader">
      <UniqueIdentifier>{079332a2-ae93-4425-aeef-e90381f97d7a}</UniqueIdentifier>
    </Filter>
    <Filter Include="ヘッダー ファイル\Base\Light">
      <UniqueIdentifier>{24d53e95-0b3a-4868-91e1-40ae22c3b830}</UniqueIdentifier>
    </Filter>
    <Filter Include="ヘッダー ファイル\Actor\State\Player">
      <UniqueIdentifier>{6681cf4f-58ad-43d9-809f-d89136fdd2b7}</UniqueIdentifier>
    </Filter>
    <Filter Include="ソース ファイル\Actor\State\Player">
      <UniqueIdentifier>{11821510-f192-4327-b6f8-6939dd7befe9}</UniqueIdentifier>
    </Filter>
  </ItemGroup>
  <ItemGroup>
    <ClCompile Include="main.cpp">
      <Filter>ソース ファイル\Base</Filter>
    </ClCompile>
    <ClCompile Include="modeDemo.cpp">
      <Filter>ソース ファイル\Mode</Filter>
    </ClCompile>
    <ClCompile Include="mode.cpp">
      <Filter>ソース ファイル\Mode</Filter>
    </ClCompile>
    <ClCompile Include="camera.cpp">
      <Filter>ソース ファイル\Base\Camera</Filter>
    </ClCompile>
    <ClCompile Include="modeTitle.cpp">
      <Filter>ソース ファイル\Mode</Filter>
    </ClCompile>
    <ClCompile Include="modeResult.cpp">
      <Filter>ソース ファイル\Mode</Filter>
    </ClCompile>
    <ClCompile Include="modeEditor.cpp">
      <Filter>ソース ファイル\Mode</Filter>
    </ClCompile>
    <ClCompile Include="ImGui\imgui.cpp">
      <Filter>ソース ファイル\Base\ImGui</Filter>
    </ClCompile>
    <ClCompile Include="ImGui\imgui_demo.cpp">
      <Filter>ソース ファイル\Base\ImGui</Filter>
    </ClCompile>
    <ClCompile Include="ImGui\imgui_draw.cpp">
      <Filter>ソース ファイル\Base\ImGui</Filter>
    </ClCompile>
    <ClCompile Include="ImGui\imgui_impl_dx9.cpp">
      <Filter>ソース ファイル\Base\ImGui</Filter>
    </ClCompile>
    <ClCompile Include="input.cpp">
      <Filter>ソース ファイル\Base\Input</Filter>
    </ClCompile>
    <ClCompile Include="collider.cpp">
      <Filter>ソース ファイル\Component\Collider</Filter>
    </ClCompile>
    <ClCompile Include="transform.cpp">
      <Filter>ソース ファイル\Component\Transform</Filter>
    </ClCompile>
    <ClCompile Include="animator.cpp">
      <Filter>ソース ファイル\Component\Animator</Filter>
    </ClCompile>
    <ClCompile Include="normalModeAI.cpp">
      <Filter>ソース ファイル\Actor\AI</Filter>
    </ClCompile>
    <ClCompile Include="attackModeAI.cpp">
      <Filter>ソース ファイル\Actor\AI</Filter>
    </ClCompile>
    <ClCompile Include="kf_math.cpp">
      <Filter>ソース ファイル\KF_Utility</Filter>
    </ClCompile>
    <ClCompile Include="motion_state.cpp">
      <Filter>ソース ファイル\Base\Motion</Filter>
    </ClCompile>
    <ClCompile Include="kf_utility.cpp">
      <Filter>ソース ファイル\KF_Utility</Filter>
    </ClCompile>
    <ClCompile Include="kf_utility_directX.cpp">
      <Filter>ソース ファイル\KF_Utility</Filter>
    </ClCompile>
    <ClCompile Include="main_system.cpp">
      <Filter>ソース ファイル\Base\Manager</Filter>
    </ClCompile>
    <ClCompile Include="render_system_directX9.cpp">
      <Filter>ソース ファイル\Base\RenderSystem</Filter>
    </ClCompile>
    <ClCompile Include="texture_manager.cpp">
      <Filter>ソース ファイル\Base\Manager</Filter>
    </ClCompile>
    <ClCompile Include="sound_manager.cpp">
      <Filter>ソース ファイル\Base\Manager</Filter>
    </ClCompile>
    <ClCompile Include="mesh_manager.cpp">
      <Filter>ソース ファイル\Base\Manager</Filter>
    </ClCompile>
    <ClCompile Include="material_manager.cpp">
      <Filter>ソース ファイル\Base\Manager</Filter>
    </ClCompile>
    <ClCompile Include="debug_observer.cpp">
      <Filter>ソース ファイル\Base\Manager</Filter>
    </ClCompile>
    <ClCompile Include="renderer_manager.cpp">
      <Filter>ソース ファイル\Base\RenderSystem</Filter>
    </ClCompile>
    <ClCompile Include="input_device_directX.cpp">
      <Filter>ソース ファイル\Base\Input</Filter>
    </ClCompile>
    <ClCompile Include="fade_system.cpp">
      <Filter>ソース ファイル\Base</Filter>
    </ClCompile>
    <ClCompile Include="motion_manager.cpp">
      <Filter>ソース ファイル\Base\Motion</Filter>
    </ClCompile>
    <ClCompile Include="camera_manager.cpp">
      <Filter>ソース ファイル\Base\Camera</Filter>
    </ClCompile>
    <ClCompile Include="editor_camera.cpp">
      <Filter>ソース ファイル\Base\Camera</Filter>
    </ClCompile>
    <ClCompile Include="third_person_camera.cpp">
      <Filter>ソース ファイル\Base\Camera</Filter>
    </ClCompile>
    <ClCompile Include="ui_system.cpp">
      <Filter>ソース ファイル\UI</Filter>
    </ClCompile>
    <ClCompile Include="ui_object_2d.cpp">
      <Filter>ソース ファイル\UI\UIObject</Filter>
    </ClCompile>
    <ClCompile Include="ui_object.cpp">
      <Filter>ソース ファイル\UI\UIObject</Filter>
    </ClCompile>
    <ClCompile Include="player_ui.cpp">
      <Filter>ソース ファイル\UI\UIObject</Filter>
    </ClCompile>
    <ClCompile Include="background_ui.cpp">
      <Filter>ソース ファイル\UI\UIObject</Filter>
    </ClCompile>
    <ClCompile Include="collision_detector.cpp">
      <Filter>ソース ファイル\Base\Physics</Filter>
    </ClCompile>
    <ClCompile Include="collision_system.cpp">
      <Filter>ソース ファイル\Base\Physics</Filter>
    </ClCompile>
    <ClCompile Include="physics_system.cpp">
      <Filter>ソース ファイル\Base\Physics</Filter>
    </ClCompile>
    <ClCompile Include="stage_spawner.cpp">
      <Filter>ソース ファイル\Base\GameObject</Filter>
    </ClCompile>
    <ClCompile Include="game_object_manager.cpp">
      <Filter>ソース ファイル\Base\GameObject</Filter>
    </ClCompile>
    <ClCompile Include="game_object.cpp">
      <Filter>ソース ファイル\Base\GameObject</Filter>
    </ClCompile>
    <ClCompile Include="game_object_actor.cpp">
      <Filter>ソース ファイル\Base\GameObject</Filter>
    </ClCompile>
    <ClCompile Include="game_object_spawner.cpp">
      <Filter>ソース ファイル\Base\GameObject</Filter>
    </ClCompile>
    <ClCompile Include="mesh_renderer.cpp">
      <Filter>ソース ファイル\Component\Renderer</Filter>
    </ClCompile>
    <ClCompile Include="rigidbody3d.cpp">
      <Filter>ソース ファイル\Component\Physics</Filter>
    </ClCompile>
    <ClCompile Include="field_collider.cpp">
      <Filter>ソース ファイル\Component\Collider</Filter>
    </ClCompile>
    <ClCompile Include="aabb_collider.cpp">
      <Filter>ソース ファイル\Component\Collider</Filter>
    </ClCompile>
    <ClCompile Include="windmill_controller.cpp">
      <Filter>ソース ファイル\Component\Behavior</Filter>
    </ClCompile>
    <ClCompile Include="model_editor.cpp">
      <Filter>ソース ファイル\Component\Behavior\Editor</Filter>
    </ClCompile>
    <ClCompile Include="field_editor.cpp">
      <Filter>ソース ファイル\Component\Behavior\Editor</Filter>
    </ClCompile>
    <ClCompile Include="editor_controller.cpp">
      <Filter>ソース ファイル\Component\Behavior\Editor</Filter>
    </ClCompile>
    <ClCompile Include="player_controller.cpp">
      <Filter>ソース ファイル\Component\Behavior\Actor</Filter>
    </ClCompile>
    <ClCompile Include="enemy_controller.cpp">
      <Filter>ソース ファイル\Component\Behavior\Actor</Filter>
    </ClCompile>
    <ClCompile Include="actor_controller.cpp">
      <Filter>ソース ファイル\Component\Behavior\Actor</Filter>
    </ClCompile>
    <ClCompile Include="player_state.cpp">
      <Filter>ソース ファイル\Actor\State\Player</Filter>
    </ClCompile>
    <ClCompile Include="player_damaged_state.cpp">
      <Filter>ソース ファイル\Actor\State\Player</Filter>
    </ClCompile>
    <ClCompile Include="player_jump_state.cpp">
      <Filter>ソース ファイル\Actor\State\Player</Filter>
    </ClCompile>
    <ClCompile Include="player_walk_state.cpp">
      <Filter>ソース ファイル\Actor\State\Player</Filter>
    </ClCompile>
    <ClCompile Include="player_land_state.cpp">
      <Filter>ソース ファイル\Actor\State\Player</Filter>
    </ClCompile>
    <ClCompile Include="player_neutral_state.cpp">
      <Filter>ソース ファイル\Actor\State\Player</Filter>
    </ClCompile>
  </ItemGroup>
  <ItemGroup>
    <ClInclude Include="main.h">
      <Filter>ヘッダー ファイル\Base</Filter>
    </ClInclude>
    <ClInclude Include="modeDemo.h">
      <Filter>ヘッダー ファイル\Mode</Filter>
    </ClInclude>
    <ClInclude Include="mode.h">
      <Filter>ヘッダー ファイル\Mode</Filter>
    </ClInclude>
    <ClInclude Include="component.h">
      <Filter>ヘッダー ファイル\Component</Filter>
    </ClInclude>
    <ClInclude Include="camera.h">
      <Filter>ヘッダー ファイル\Base\Camera</Filter>
    </ClInclude>
    <ClInclude Include="modeTitle.h">
      <Filter>ヘッダー ファイル\Mode</Filter>
    </ClInclude>
    <ClInclude Include="modeResult.h">
      <Filter>ヘッダー ファイル\Mode</Filter>
    </ClInclude>
    <ClInclude Include="modeEditor.h">
      <Filter>ヘッダー ファイル\Mode</Filter>
    </ClInclude>
    <ClInclude Include="ImGui\imconfig.h">
      <Filter>ヘッダー ファイル\ImGui</Filter>
    </ClInclude>
    <ClInclude Include="ImGui\imgui.h">
      <Filter>ヘッダー ファイル\ImGui</Filter>
    </ClInclude>
    <ClInclude Include="ImGui\imgui_impl_dx9.h">
      <Filter>ヘッダー ファイル\ImGui</Filter>
    </ClInclude>
    <ClInclude Include="ImGui\imgui_internal.h">
      <Filter>ヘッダー ファイル\ImGui</Filter>
    </ClInclude>
    <ClInclude Include="ImGui\stb_rect_pack.h">
      <Filter>ヘッダー ファイル\ImGui</Filter>
    </ClInclude>
    <ClInclude Include="ImGui\stb_textedit.h">
      <Filter>ヘッダー ファイル\ImGui</Filter>
    </ClInclude>
    <ClInclude Include="ImGui\stb_truetype.h">
      <Filter>ヘッダー ファイル\ImGui</Filter>
    </ClInclude>
    <ClInclude Include="input.h">
      <Filter>ヘッダー ファイル\Base\Input</Filter>
    </ClInclude>
    <ClInclude Include="collider.h">
      <Filter>ヘッダー ファイル\Component\Collider</Filter>
    </ClInclude>
    <ClInclude Include="transform.h">
      <Filter>ヘッダー ファイル\Component\Transform</Filter>
    </ClInclude>
    <ClInclude Include="rigidbody.h">
      <Filter>ヘッダー ファイル\Component\Physics</Filter>
    </ClInclude>
    <ClInclude Include="animator.h">
      <Filter>ヘッダー ファイル\Component\Animator</Filter>
    </ClInclude>
    <ClInclude Include="behavior.h">
      <Filter>ヘッダー ファイル\Component\Behavior</Filter>
    </ClInclude>
    <ClInclude Include="AI.h">
      <Filter>ヘッダー ファイル\Actor\AI</Filter>
    </ClInclude>
    <ClInclude Include="normalModeAI.h">
      <Filter>ヘッダー ファイル\Actor\AI</Filter>
    </ClInclude>
    <ClInclude Include="attackModeAI.h">
      <Filter>ヘッダー ファイル\Actor\AI</Filter>
    </ClInclude>
    <ClInclude Include="kf_math.h">
      <Filter>ヘッダー ファイル\KF_Utility</Filter>
    </ClInclude>
    <ClInclude Include="motion_state.h">
      <Filter>ヘッダー ファイル\Base\Motion\MotionState</Filter>
    </ClInclude>
    <ClInclude Include="common_setting.h">
      <Filter>ヘッダー ファイル\Base</Filter>
    </ClInclude>
    <ClInclude Include="kf_utility.h">
      <Filter>ヘッダー ファイル\KF_Utility</Filter>
    </ClInclude>
    <ClInclude Include="kf_utility_directX.h">
      <Filter>ヘッダー ファイル\KF_Utility</Filter>
    </ClInclude>
    <ClInclude Include="main_system.h">
      <Filter>ヘッダー ファイル\Base\Manager</Filter>
    </ClInclude>
    <ClInclude Include="render_system.h">
      <Filter>ヘッダー ファイル\Base\RenderSystem</Filter>
    </ClInclude>
    <ClInclude Include="render_system_directX9.h">
      <Filter>ヘッダー ファイル\Base\RenderSystem</Filter>
    </ClInclude>
    <ClInclude Include="shader_manager.h">
      <Filter>ヘッダー ファイル\Base\Shader</Filter>
    </ClInclude>
    <ClInclude Include="shader_enum.h">
      <Filter>ヘッダー ファイル\Base\Shader</Filter>
    </ClInclude>
    <ClInclude Include="texture_manager.h">
      <Filter>ヘッダー ファイル\Base\Manager</Filter>
    </ClInclude>
    <ClInclude Include="sound_manager.h">
      <Filter>ヘッダー ファイル\Base\Manager</Filter>
    </ClInclude>
    <ClInclude Include="mesh_manager.h">
      <Filter>ヘッダー ファイル\Base\Manager</Filter>
    </ClInclude>
    <ClInclude Include="material_manager.h">
      <Filter>ヘッダー ファイル\Base\Manager</Filter>
    </ClInclude>
    <ClInclude Include="light_manager.h">
      <Filter>ヘッダー ファイル\Base\Light</Filter>
    </ClInclude>
    <ClInclude Include="light.h">
      <Filter>ヘッダー ファイル\Base\Light</Filter>
    </ClInclude>
    <ClInclude Include="debug_observer.h">
      <Filter>ヘッダー ファイル\Base\Manager</Filter>
    </ClInclude>
    <ClInclude Include="renderer_manager.h">
      <Filter>ヘッダー ファイル\Base\RenderSystem</Filter>
    </ClInclude>
    <ClInclude Include="input_device_directX.h">
      <Filter>ヘッダー ファイル\Base\Input</Filter>
    </ClInclude>
    <ClInclude Include="fade_system.h">
      <Filter>ヘッダー ファイル\Base</Filter>
    </ClInclude>
    <ClInclude Include="motion_data.h">
      <Filter>ヘッダー ファイル\Base\Motion</Filter>
    </ClInclude>
    <ClInclude Include="motion_manager.h">
      <Filter>ヘッダー ファイル\Base\Motion</Filter>
    </ClInclude>
    <ClInclude Include="camera_manager.h">
      <Filter>ヘッダー ファイル\Base\Camera</Filter>
    </ClInclude>
    <ClInclude Include="editor_camera.h">
      <Filter>ヘッダー ファイル\Base\Camera</Filter>
    </ClInclude>
    <ClInclude Include="third_person_camera.h">
      <Filter>ヘッダー ファイル\Base\Camera</Filter>
    </ClInclude>
    <ClInclude Include="ui_system.h">
      <Filter>ヘッダー ファイル\UI</Filter>
    </ClInclude>
    <ClInclude Include="ui_object_2d.h">
      <Filter>ヘッダー ファイル\UI\UIObject</Filter>
    </ClInclude>
    <ClInclude Include="ui_object.h">
      <Filter>ヘッダー ファイル\UI\UIObject</Filter>
    </ClInclude>
    <ClInclude Include="player_ui.h">
      <Filter>ヘッダー ファイル\UI\UIObject</Filter>
    </ClInclude>
    <ClInclude Include="background_ui.h">
      <Filter>ヘッダー ファイル\UI\UIObject</Filter>
    </ClInclude>
    <ClInclude Include="actor_parameter.h">
      <Filter>ヘッダー ファイル\Actor</Filter>
    </ClInclude>
    <ClInclude Include="collision_detector.h">
      <Filter>ヘッダー ファイル\Base\Physics</Filter>
    </ClInclude>
    <ClInclude Include="collision_system.h">
      <Filter>ヘッダー ファイル\Base\Physics</Filter>
    </ClInclude>
    <ClInclude Include="physics_system.h">
      <Filter>ヘッダー ファイル\Base\Physics</Filter>
    </ClInclude>
    <ClInclude Include="stage_spawner.h">
      <Filter>ヘッダー ファイル\Base\GameObject</Filter>
    </ClInclude>
    <ClInclude Include="game_object.h">
      <Filter>ヘッダー ファイル\Base\GameObject</Filter>
    </ClInclude>
    <ClInclude Include="game_object_actor.h">
      <Filter>ヘッダー ファイル\Base\GameObject</Filter>
    </ClInclude>
    <ClInclude Include="game_object_manager.h">
      <Filter>ヘッダー ファイル\Base\GameObject</Filter>
    </ClInclude>
    <ClInclude Include="game_object_spawner.h">
      <Filter>ヘッダー ファイル\Base\GameObject</Filter>
    </ClInclude>
    <ClInclude Include="mesh_renderer.h">
      <Filter>ヘッダー ファイル\Component\Renderer</Filter>
    </ClInclude>
    <ClInclude Include="rigidbody3d.h">
      <Filter>ヘッダー ファイル\Component\Physics</Filter>
    </ClInclude>
    <ClInclude Include="sphere_collider.h">
      <Filter>ヘッダー ファイル\Component\Collider</Filter>
    </ClInclude>
    <ClInclude Include="obb_collider.h">
      <Filter>ヘッダー ファイル\Component\Collider</Filter>
    </ClInclude>
    <ClInclude Include="field_collider.h">
      <Filter>ヘッダー ファイル\Component\Collider</Filter>
    </ClInclude>
    <ClInclude Include="box_collider.h">
      <Filter>ヘッダー ファイル\Component\Collider</Filter>
    </ClInclude>
    <ClInclude Include="aabb_collider.h">
      <Filter>ヘッダー ファイル\Component\Collider</Filter>
    </ClInclude>
    <ClInclude Include="windmill_controller.h">
      <Filter>ヘッダー ファイル\Component\Behavior</Filter>
    </ClInclude>
    <ClInclude Include="model_editor.h">
      <Filter>ヘッダー ファイル\Component\Behavior\Editor</Filter>
    </ClInclude>
    <ClInclude Include="field_editor.h">
      <Filter>ヘッダー ファイル\Component\Behavior\Editor</Filter>
    </ClInclude>
    <ClInclude Include="editor_controller.h">
      <Filter>ヘッダー ファイル\Component\Behavior\Editor</Filter>
    </ClInclude>
    <ClInclude Include="actor_controller.h">
      <Filter>ヘッダー ファイル\Component\Behavior\Actor</Filter>
    </ClInclude>
    <ClInclude Include="enemy_controller.h">
      <Filter>ヘッダー ファイル\Component\Behavior\Actor</Filter>
    </ClInclude>
    <ClInclude Include="player_controller.h">
      <Filter>ヘッダー ファイル\Component\Behavior\Actor</Filter>
    </ClInclude>
    <ClInclude Include="actor_state.h">
      <Filter>ヘッダー ファイル\Actor\State</Filter>
    </ClInclude>
    <ClInclude Include="player_neutral_state.h">
      <Filter>ヘッダー ファイル\Actor\State\Player</Filter>
    </ClInclude>
    <ClInclude Include="player_walk_state.h">
      <Filter>ヘッダー ファイル\Actor\State\Player</Filter>
    </ClInclude>
    <ClInclude Include="player_land_state.h">
      <Filter>ヘッダー ファイル\Actor\State\Player</Filter>
    </ClInclude>
    <ClInclude Include="player_jump_state.h">
      <Filter>ヘッダー ファイル\Actor\State\Player</Filter>
    </ClInclude>
    <ClInclude Include="player_damaged_state.h">
      <Filter>ヘッダー ファイル\Actor\State\Player</Filter>
    </ClInclude>
    <ClInclude Include="player_state.h">
      <Filter>ヘッダー ファイル\Actor\State\Player</Filter>
    </ClInclude>
  </ItemGroup>
</Project>